
Microsoft Visual Studio Solution File, Format Version 12.00
# Visual Studio Version 17
VisualStudioVersion = 17.8.34316.72
MinimumVisualStudioVersion = 10.0.40219.1
Project("{FAE04EC0-301F-11D3-BF4B-00C04F79EFBC}") = "PruebaTecnicaQAPFCTI", "PruebaTecnicaQAPFCTI\PruebaTecnicaQAPFCTI.csproj", "{C6A359E4-C6CC-417E-B45A-2624C2F48AEF}"
EndProject
Global
	GlobalSection(SolutionConfigurationPlatforms) = preSolution
		Debug|Any CPU = Debug|Any CPU
		Release|Any CPU = Release|Any CPU
	EndGlobalSection
	GlobalSection(ProjectConfigurationPlatforms) = postSolution
		{C6A359E4-C6CC-417E-B45A-2624C2F48AEF}.Debug|Any CPU.ActiveCfg = Debug|Any CPU
		{C6A359E4-C6CC-417E-B45A-2624C2F48AEF}.Debug|Any CPU.Build.0 = Debug|Any CPU
		{C6A359E4-C6CC-417E-B45A-2624C2F48AEF}.Release|Any CPU.ActiveCfg = Release|Any CPU
		{C6A359E4-C6CC-417E-B45A-2624C2F48AEF}.Release|Any CPU.Build.0 = Release|Any CPU
	EndGlobalSection
	GlobalSection(SolutionProperties) = preSolution
		HideSolutionNode = FALSE
	EndGlobalSection
	GlobalSection(ExtensibilityGlobals) = postSolution
		SolutionGuid = {9C510B27-8FA0-4192-B673-C7732CAB64A7}
	EndGlobalSection
EndGlobal
